// !$*UTF8*$!
{
	archiveVersion = 1;
	classes = {
	};
	objectVersion = 46;
	objects = {

/* Begin PBXBuildFile section */
		1B6B3FD819C7395200EDAB5D /* MapSelectViewController.m in Sources */ = {isa = PBXBuildFile; fileRef = 1B6B3FD719C7395200EDAB5D /* MapSelectViewController.m */; };
		1B94EB4119C3849A00BA8489 /* Foundation.framework in Frameworks */ = {isa = PBXBuildFile; fileRef = 1B94EB4019C3849A00BA8489 /* Foundation.framework */; };
		1B94EB4319C3849A00BA8489 /* CoreGraphics.framework in Frameworks */ = {isa = PBXBuildFile; fileRef = 1B94EB4219C3849A00BA8489 /* CoreGraphics.framework */; };
		1B94EB4519C3849A00BA8489 /* UIKit.framework in Frameworks */ = {isa = PBXBuildFile; fileRef = 1B94EB4419C3849A00BA8489 /* UIKit.framework */; };
		1B94EB4D19C3849A00BA8489 /* main.m in Sources */ = {isa = PBXBuildFile; fileRef = 1B94EB4C19C3849A00BA8489 /* main.m */; };
		1B94EB5119C3849A00BA8489 /* MapAppDelegate.m in Sources */ = {isa = PBXBuildFile; fileRef = 1B94EB5019C3849A00BA8489 /* MapAppDelegate.m */; };
		1B94EB6019C3849A00BA8489 /* XCTest.framework in Frameworks */ = {isa = PBXBuildFile; fileRef = 1B94EB5F19C3849A00BA8489 /* XCTest.framework */; };
		1B94EB6119C3849A00BA8489 /* Foundation.framework in Frameworks */ = {isa = PBXBuildFile; fileRef = 1B94EB4019C3849A00BA8489 /* Foundation.framework */; };
		1B94EB6219C3849A00BA8489 /* UIKit.framework in Frameworks */ = {isa = PBXBuildFile; fileRef = 1B94EB4419C3849A00BA8489 /* UIKit.framework */; };
		1B94EB6A19C3849A00BA8489 /* InfoPlist.strings in Resources */ = {isa = PBXBuildFile; fileRef = 1B94EB6819C3849A00BA8489 /* InfoPlist.strings */; };
		1B94EB6C19C3849A00BA8489 /* DeltaMapTests.m in Sources */ = {isa = PBXBuildFile; fileRef = 1B94EB6B19C3849A00BA8489 /* DeltaMapTests.m */; };
		1B94EB7719C384FB00BA8489 /* TileMapViewController.m in Sources */ = {isa = PBXBuildFile; fileRef = 1B94EB7619C384FB00BA8489 /* TileMapViewController.m */; };
		1B94EB7919C385E100BA8489 /* MapKit.framework in Frameworks */ = {isa = PBXBuildFile; fileRef = 1B94EB7819C385E100BA8489 /* MapKit.framework */; };
		1B94EB7B19C385E800BA8489 /* CoreLocation.framework in Frameworks */ = {isa = PBXBuildFile; fileRef = 1B94EB7A19C385E800BA8489 /* CoreLocation.framework */; };
		1B94EB7E19C386A100BA8489 /* TileOverlay.m in Sources */ = {isa = PBXBuildFile; fileRef = 1B94EB7D19C386A100BA8489 /* TileOverlay.m */; };
		1B94EB8119C386DA00BA8489 /* TileOverlayView.m in Sources */ = {isa = PBXBuildFile; fileRef = 1B94EB8019C386DA00BA8489 /* TileOverlayView.m */; };
		1BFFA9D919C3A32D00ABE5D5 /* Main.storyboard in Resources */ = {isa = PBXBuildFile; fileRef = 1B94EB5219C3849A00BA8489 /* Main.storyboard */; };
		1BFFA9DA19C3A32D00ABE5D5 /* Images.xcassets in Resources */ = {isa = PBXBuildFile; fileRef = 1B94EB5819C3849A00BA8489 /* Images.xcassets */; };
		1BFFA9DB19C3A32D00ABE5D5 /* InfoPlist.strings in Resources */ = {isa = PBXBuildFile; fileRef = 1B94EB4919C3849A00BA8489 /* InfoPlist.strings */; };
		1BFFA9DD19C3A38C00ABE5D5 /* plate22_s01 in Resources */ = {isa = PBXBuildFile; fileRef = 1BFFA9DC19C3A38C00ABE5D5 /* plate22_s01 */; };
/* End PBXBuildFile section */

/* Begin PBXContainerItemProxy section */
		1B94EB6319C3849A00BA8489 /* PBXContainerItemProxy */ = {
			isa = PBXContainerItemProxy;
			containerPortal = 1B94EB3519C3849900BA8489 /* Project object */;
			proxyType = 1;
			remoteGlobalIDString = 1B94EB3C19C3849A00BA8489;
			remoteInfo = DeltaMap;
		};
/* End PBXContainerItemProxy section */

/* Begin PBXFileReference section */
		1B6B3FD619C7395200EDAB5D /* MapSelectViewController.h */ = {isa = PBXFileReference; fileEncoding = 4; lastKnownFileType = sourcecode.c.h; path = MapSelectViewController.h; sourceTree = "<group>"; };
		1B6B3FD719C7395200EDAB5D /* MapSelectViewController.m */ = {isa = PBXFileReference; fileEncoding = 4; lastKnownFileType = sourcecode.c.objc; path = MapSelectViewController.m; sourceTree = "<group>"; };
		1B94EB3D19C3849A00BA8489 /* DeltaMap.app */ = {isa = PBXFileReference; explicitFileType = wrapper.application; includeInIndex = 0; path = DeltaMap.app; sourceTree = BUILT_PRODUCTS_DIR; };
		1B94EB4019C3849A00BA8489 /* Foundation.framework */ = {isa = PBXFileReference; lastKnownFileType = wrapper.framework; name = Foundation.framework; path = System/Library/Frameworks/Foundation.framework; sourceTree = SDKROOT; };
		1B94EB4219C3849A00BA8489 /* CoreGraphics.framework */ = {isa = PBXFileReference; lastKnownFileType = wrapper.framework; name = CoreGraphics.framework; path = System/Library/Frameworks/CoreGraphics.framework; sourceTree = SDKROOT; };
		1B94EB4419C3849A00BA8489 /* UIKit.framework */ = {isa = PBXFileReference; lastKnownFileType = wrapper.framework; name = UIKit.framework; path = System/Library/Frameworks/UIKit.framework; sourceTree = SDKROOT; };
		1B94EB4819C3849A00BA8489 /* DeltaMap-Info.plist */ = {isa = PBXFileReference; lastKnownFileType = text.plist.xml; path = "DeltaMap-Info.plist"; sourceTree = "<group>"; };
		1B94EB4A19C3849A00BA8489 /* en */ = {isa = PBXFileReference; lastKnownFileType = text.plist.strings; name = en; path = en.lproj/InfoPlist.strings; sourceTree = "<group>"; };
		1B94EB4C19C3849A00BA8489 /* main.m */ = {isa = PBXFileReference; lastKnownFileType = sourcecode.c.objc; path = main.m; sourceTree = "<group>"; };
		1B94EB4E19C3849A00BA8489 /* DeltaMap-Prefix.pch */ = {isa = PBXFileReference; lastKnownFileType = sourcecode.c.h; path = "DeltaMap-Prefix.pch"; sourceTree = "<group>"; };
		1B94EB4F19C3849A00BA8489 /* MapAppDelegate.h */ = {isa = PBXFileReference; lastKnownFileType = sourcecode.c.h; path = MapAppDelegate.h; sourceTree = "<group>"; };
		1B94EB5019C3849A00BA8489 /* MapAppDelegate.m */ = {isa = PBXFileReference; lastKnownFileType = sourcecode.c.objc; path = MapAppDelegate.m; sourceTree = "<group>"; };
		1B94EB5319C3849A00BA8489 /* Base */ = {isa = PBXFileReference; lastKnownFileType = file.storyboard; name = Base; path = Base.lproj/Main.storyboard; sourceTree = "<group>"; };
		1B94EB5819C3849A00BA8489 /* Images.xcassets */ = {isa = PBXFileReference; lastKnownFileType = folder.assetcatalog; path = Images.xcassets; sourceTree = "<group>"; };
		1B94EB5E19C3849A00BA8489 /* DeltaMapTests.xctest */ = {isa = PBXFileReference; explicitFileType = wrapper.cfbundle; includeInIndex = 0; path = DeltaMapTests.xctest; sourceTree = BUILT_PRODUCTS_DIR; };
		1B94EB5F19C3849A00BA8489 /* XCTest.framework */ = {isa = PBXFileReference; lastKnownFileType = wrapper.framework; name = XCTest.framework; path = Library/Frameworks/XCTest.framework; sourceTree = DEVELOPER_DIR; };
		1B94EB6719C3849A00BA8489 /* DeltaMapTests-Info.plist */ = {isa = PBXFileReference; lastKnownFileType = text.plist.xml; path = "DeltaMapTests-Info.plist"; sourceTree = "<group>"; };
		1B94EB6919C3849A00BA8489 /* en */ = {isa = PBXFileReference; lastKnownFileType = text.plist.strings; name = en; path = en.lproj/InfoPlist.strings; sourceTree = "<group>"; };
		1B94EB6B19C3849A00BA8489 /* DeltaMapTests.m */ = {isa = PBXFileReference; lastKnownFileType = sourcecode.c.objc; path = DeltaMapTests.m; sourceTree = "<group>"; };
		1B94EB7519C384FB00BA8489 /* TileMapViewController.h */ = {isa = PBXFileReference; fileEncoding = 4; lastKnownFileType = sourcecode.c.h; path = TileMapViewController.h; sourceTree = "<group>"; };
		1B94EB7619C384FB00BA8489 /* TileMapViewController.m */ = {isa = PBXFileReference; fileEncoding = 4; lastKnownFileType = sourcecode.c.objc; path = TileMapViewController.m; sourceTree = "<group>"; };
		1B94EB7819C385E100BA8489 /* MapKit.framework */ = {isa = PBXFileReference; lastKnownFileType = wrapper.framework; name = MapKit.framework; path = System/Library/Frameworks/MapKit.framework; sourceTree = SDKROOT; };
		1B94EB7A19C385E800BA8489 /* CoreLocation.framework */ = {isa = PBXFileReference; lastKnownFileType = wrapper.framework; name = CoreLocation.framework; path = System/Library/Frameworks/CoreLocation.framework; sourceTree = SDKROOT; };
		1B94EB7C19C386A100BA8489 /* TileOverlay.h */ = {isa = PBXFileReference; fileEncoding = 4; lastKnownFileType = sourcecode.c.h; path = TileOverlay.h; sourceTree = "<group>"; };
		1B94EB7D19C386A100BA8489 /* TileOverlay.m */ = {isa = PBXFileReference; fileEncoding = 4; lastKnownFileType = sourcecode.c.objc; path = TileOverlay.m; sourceTree = "<group>"; };
		1B94EB7F19C386DA00BA8489 /* TileOverlayView.h */ = {isa = PBXFileReference; fileEncoding = 4; lastKnownFileType = sourcecode.c.h; path = TileOverlayView.h; sourceTree = "<group>"; };
		1B94EB8019C386DA00BA8489 /* TileOverlayView.m */ = {isa = PBXFileReference; fileEncoding = 4; lastKnownFileType = sourcecode.c.objc; path = TileOverlayView.m; sourceTree = "<group>"; };
		1BFFA9DC19C3A38C00ABE5D5 /* plate22_s01 */ = {isa = PBXFileReference; lastKnownFileType = folder; path = plate22_s01; sourceTree = "<group>"; };
/* End PBXFileReference section */

/* Begin PBXFrameworksBuildPhase section */
		1B94EB3A19C3849A00BA8489 /* Frameworks */ = {
			isa = PBXFrameworksBuildPhase;
			buildActionMask = 2147483647;
			files = (
				1B94EB7B19C385E800BA8489 /* CoreLocation.framework in Frameworks */,
				1B94EB7919C385E100BA8489 /* MapKit.framework in Frameworks */,
				1B94EB4319C3849A00BA8489 /* CoreGraphics.framework in Frameworks */,
				1B94EB4519C3849A00BA8489 /* UIKit.framework in Frameworks */,
				1B94EB4119C3849A00BA8489 /* Foundation.framework in Frameworks */,
			);
			runOnlyForDeploymentPostprocessing = 0;
		};
		1B94EB5B19C3849A00BA8489 /* Frameworks */ = {
			isa = PBXFrameworksBuildPhase;
			buildActionMask = 2147483647;
			files = (
				1B94EB6019C3849A00BA8489 /* XCTest.framework in Frameworks */,
				1B94EB6219C3849A00BA8489 /* UIKit.framework in Frameworks */,
				1B94EB6119C3849A00BA8489 /* Foundation.framework in Frameworks */,
			);
			runOnlyForDeploymentPostprocessing = 0;
		};
/* End PBXFrameworksBuildPhase section */

/* Begin PBXGroup section */
		1B94EB3419C3849900BA8489 = {
			isa = PBXGroup;
			children = (
				1BFFA9DC19C3A38C00ABE5D5 /* plate22_s01 */,
				1B94EB4619C3849A00BA8489 /* DeltaMap */,
				1B94EB6519C3849A00BA8489 /* DeltaMapTests */,
				1B94EB3F19C3849A00BA8489 /* Frameworks */,
				1B94EB3E19C3849A00BA8489 /* Products */,
			);
			sourceTree = "<group>";
		};
		1B94EB3E19C3849A00BA8489 /* Products */ = {
			isa = PBXGroup;
			children = (
				1B94EB3D19C3849A00BA8489 /* DeltaMap.app */,
				1B94EB5E19C3849A00BA8489 /* DeltaMapTests.xctest */,
			);
			name = Products;
			sourceTree = "<group>";
		};
		1B94EB3F19C3849A00BA8489 /* Frameworks */ = {
			isa = PBXGroup;
			children = (
				1B94EB7A19C385E800BA8489 /* CoreLocation.framework */,
				1B94EB7819C385E100BA8489 /* MapKit.framework */,
				1B94EB4019C3849A00BA8489 /* Foundation.framework */,
				1B94EB4219C3849A00BA8489 /* CoreGraphics.framework */,
				1B94EB4419C3849A00BA8489 /* UIKit.framework */,
				1B94EB5F19C3849A00BA8489 /* XCTest.framework */,
			);
			name = Frameworks;
			sourceTree = "<group>";
		};
		1B94EB4619C3849A00BA8489 /* DeltaMap */ = {
			isa = PBXGroup;
			children = (
				1B94EB5219C3849A00BA8489 /* Main.storyboard */,
				1B94EB4F19C3849A00BA8489 /* MapAppDelegate.h */,
				1B94EB5019C3849A00BA8489 /* MapAppDelegate.m */,
				1B94EB7519C384FB00BA8489 /* TileMapViewController.h */,
				1B94EB7619C384FB00BA8489 /* TileMapViewController.m */,
				1B6B3FD619C7395200EDAB5D /* MapSelectViewController.h */,
				1B6B3FD719C7395200EDAB5D /* MapSelectViewController.m */,
				1B94EB7C19C386A100BA8489 /* TileOverlay.h */,
				1B94EB7D19C386A100BA8489 /* TileOverlay.m */,
				1B94EB7F19C386DA00BA8489 /* TileOverlayView.h */,
				1B94EB8019C386DA00BA8489 /* TileOverlayView.m */,
				1B94EB5819C3849A00BA8489 /* Images.xcassets */,
				1B94EB4719C3849A00BA8489 /* Supporting Files */,
			);
			path = DeltaMap;
			sourceTree = "<group>";
		};
		1B94EB4719C3849A00BA8489 /* Supporting Files */ = {
			isa = PBXGroup;
			children = (
				1B94EB4819C3849A00BA8489 /* DeltaMap-Info.plist */,
				1B94EB4919C3849A00BA8489 /* InfoPlist.strings */,
				1B94EB4C19C3849A00BA8489 /* main.m */,
				1B94EB4E19C3849A00BA8489 /* DeltaMap-Prefix.pch */,
			);
			name = "Supporting Files";
			sourceTree = "<group>";
		};
		1B94EB6519C3849A00BA8489 /* DeltaMapTests */ = {
			isa = PBXGroup;
			children = (
				1B94EB6B19C3849A00BA8489 /* DeltaMapTests.m */,
				1B94EB6619C3849A00BA8489 /* Supporting Files */,
			);
			path = DeltaMapTests;
			sourceTree = "<group>";
		};
		1B94EB6619C3849A00BA8489 /* Supporting Files */ = {
			isa = PBXGroup;
			children = (
				1B94EB6719C3849A00BA8489 /* DeltaMapTests-Info.plist */,
				1B94EB6819C3849A00BA8489 /* InfoPlist.strings */,
			);
			name = "Supporting Files";
			sourceTree = "<group>";
		};
/* End PBXGroup section */

/* Begin PBXNativeTarget section */
		1B94EB3C19C3849A00BA8489 /* DeltaMap */ = {
			isa = PBXNativeTarget;
			buildConfigurationList = 1B94EB6F19C3849A00BA8489 /* Build configuration list for PBXNativeTarget "DeltaMap" */;
			buildPhases = (
				1B94EB3919C3849A00BA8489 /* Sources */,
				1B94EB3A19C3849A00BA8489 /* Frameworks */,
				1B940D6619C39F8200BA8489 /* Resources */,
			);
			buildRules = (
			);
			dependencies = (
			);
			name = DeltaMap;
			productName = DeltaMap;
			productReference = 1B94EB3D19C3849A00BA8489 /* DeltaMap.app */;
			productType = "com.apple.product-type.application";
		};
		1B94EB5D19C3849A00BA8489 /* DeltaMapTests */ = {
			isa = PBXNativeTarget;
			buildConfigurationList = 1B94EB7219C3849A00BA8489 /* Build configuration list for PBXNativeTarget "DeltaMapTests" */;
			buildPhases = (
				1B94EB5A19C3849A00BA8489 /* Sources */,
				1B94EB5B19C3849A00BA8489 /* Frameworks */,
				1B94EB5C19C3849A00BA8489 /* Resources */,
			);
			buildRules = (
			);
			dependencies = (
				1B94EB6419C3849A00BA8489 /* PBXTargetDependency */,
			);
			name = DeltaMapTests;
			productName = DeltaMapTests;
			productReference = 1B94EB5E19C3849A00BA8489 /* DeltaMapTests.xctest */;
			productType = "com.apple.product-type.bundle.unit-test";
		};
/* End PBXNativeTarget section */

/* Begin PBXProject section */
		1B94EB3519C3849900BA8489 /* Project object */ = {
			isa = PBXProject;
			attributes = {
				CLASSPREFIX = Map;
				LastUpgradeCheck = 0510;
				ORGANIZATIONNAME = "Jason Aylward";
				TargetAttributes = {
					1B94EB5D19C3849A00BA8489 = {
						TestTargetID = 1B94EB3C19C3849A00BA8489;
					};
				};
			};
			buildConfigurationList = 1B94EB3819C3849900BA8489 /* Build configuration list for PBXProject "DeltaMap" */;
			compatibilityVersion = "Xcode 3.2";
			developmentRegion = English;
			hasScannedForEncodings = 0;
			knownRegions = (
				en,
				Base,
			);
			mainGroup = 1B94EB3419C3849900BA8489;
			productRefGroup = 1B94EB3E19C3849A00BA8489 /* Products */;
			projectDirPath = "";
			projectRoot = "";
			targets = (
				1B94EB3C19C3849A00BA8489 /* DeltaMap */,
				1B94EB5D19C3849A00BA8489 /* DeltaMapTests */,
			);
		};
/* End PBXProject section */

/* Begin PBXResourcesBuildPhase section */
		1B940D6619C39F8200BA8489 /* Resources */ = {
			isa = PBXResourcesBuildPhase;
			buildActionMask = 2147483647;
			files = (
				1BFFA9DD19C3A38C00ABE5D5 /* plate22_s01 in Resources */,
				1BFFA9D919C3A32D00ABE5D5 /* Main.storyboard in Resources */,
				1BFFA9DA19C3A32D00ABE5D5 /* Images.xcassets in Resources */,
				1BFFA9DB19C3A32D00ABE5D5 /* InfoPlist.strings in Resources */,
			);
			runOnlyForDeploymentPostprocessing = 0;
		};
		1B94EB5C19C3849A00BA8489 /* Resources */ = {
			isa = PBXResourcesBuildPhase;
			buildActionMask = 2147483647;
			files = (
				1B94EB6A19C3849A00BA8489 /* InfoPlist.strings in Resources */,
			);
			runOnlyForDeploymentPostprocessing = 0;
		};
/* End PBXResourcesBuildPhase section */

/* Begin PBXSourcesBuildPhase section */
		1B94EB3919C3849A00BA8489 /* Sources */ = {
			isa = PBXSourcesBuildPhase;
			buildActionMask = 2147483647;
			files = (
				1B94EB7E19C386A100BA8489 /* TileOverlay.m in Sources */,
				1B6B3FD819C7395200EDAB5D /* MapSelectViewController.m in Sources */,
				1B94EB8119C386DA00BA8489 /* TileOverlayView.m in Sources */,
				1B94EB7719C384FB00BA8489 /* TileMapViewController.m in Sources */,
				1B94EB4D19C3849A00BA8489 /* main.m in Sources */,
				1B94EB5119C3849A00BA8489 /* MapAppDelegate.m in Sources */,
			);
			runOnlyForDeploymentPostprocessing = 0;
		};
		1B94EB5A19C3849A00BA8489 /* Sources */ = {
			isa = PBXSourcesBuildPhase;
			buildActionMask = 2147483647;
			files = (
				1B94EB6C19C3849A00BA8489 /* DeltaMapTests.m in Sources */,
			);
			runOnlyForDeploymentPostprocessing = 0;
		};
/* End PBXSourcesBuildPhase section */

/* Begin PBXTargetDependency section */
		1B94EB6419C3849A00BA8489 /* PBXTargetDependency */ = {
			isa = PBXTargetDependency;
			target = 1B94EB3C19C3849A00BA8489 /* DeltaMap */;
			targetProxy = 1B94EB6319C3849A00BA8489 /* PBXContainerItemProxy */;
		};
/* End PBXTargetDependency section */

/* Begin PBXVariantGroup section */
		1B94EB4919C3849A00BA8489 /* InfoPlist.strings */ = {
			isa = PBXVariantGroup;
			children = (
				1B94EB4A19C3849A00BA8489 /* en */,
			);
			name = InfoPlist.strings;
			sourceTree = "<group>";
		};
		1B94EB5219C3849A00BA8489 /* Main.storyboard */ = {
			isa = PBXVariantGroup;
			children = (
				1B94EB5319C3849A00BA8489 /* Base */,
			);
			name = Main.storyboard;
			sourceTree = "<group>";
		};
		1B94EB6819C3849A00BA8489 /* InfoPlist.strings */ = {
			isa = PBXVariantGroup;
			children = (
				1B94EB6919C3849A00BA8489 /* en */,
			);
			name = InfoPlist.strings;
			sourceTree = "<group>";
		};
/* End PBXVariantGroup section */

/* Begin XCBuildConfiguration section */
		1B94EB6D19C3849A00BA8489 /* Debug */ = {
			isa = XCBuildConfiguration;
			buildSettings = {
				ALWAYS_SEARCH_USER_PATHS = NO;
				CLANG_CXX_LANGUAGE_STANDARD = "gnu++0x";
				CLANG_CXX_LIBRARY = "libc++";
				CLANG_ENABLE_MODULES = YES;
				CLANG_ENABLE_OBJC_ARC = YES;
				CLANG_WARN_BOOL_CONVERSION = YES;
				CLANG_WARN_CONSTANT_CONVERSION = YES;
				CLANG_WARN_DIRECT_OBJC_ISA_USAGE = YES_ERROR;
				CLANG_WARN_EMPTY_BODY = YES;
				CLANG_WARN_ENUM_CONVERSION = YES;
				CLANG_WARN_INT_CONVERSION = YES;
				CLANG_WARN_OBJC_ROOT_CLASS = YES_ERROR;
				CLANG_WARN__DUPLICATE_METHOD_MATCH = YES;
				"CODE_SIGN_IDENTITY[sdk=iphoneos*]" = "iPhone Developer";
				COPY_PHASE_STRIP = NO;
				GCC_C_LANGUAGE_STANDARD = gnu99;
				GCC_DYNAMIC_NO_PIC = NO;
				GCC_OPTIMIZATION_LEVEL = 0;
				GCC_PREPROCESSOR_DEFINITIONS = (
					"DEBUG=1",
					"$(inherited)",
				);
				GCC_SYMBOLS_PRIVATE_EXTERN = NO;
				GCC_WARN_64_TO_32_BIT_CONVERSION = YES;
				GCC_WARN_ABOUT_RETURN_TYPE = YES_ERROR;
				GCC_WARN_UNDECLARED_SELECTOR = YES;
				GCC_WARN_UNINITIALIZED_AUTOS = YES_AGGRESSIVE;
				GCC_WARN_UNUSED_FUNCTION = YES;
				GCC_WARN_UNUSED_VARIABLE = YES;
				IPHONEOS_DEPLOYMENT_TARGET = 7.1;
				ONLY_ACTIVE_ARCH = YES;
				SDKROOT = iphoneos;
			};
			name = Debug;
		};
		1B94EB6E19C3849A00BA8489 /* Release */ = {
			isa = XCBuildConfiguration;
			buildSettings = {
				ALWAYS_SEARCH_USER_PATHS = NO;
				CLANG_CXX_LANGUAGE_STANDARD = "gnu++0x";
				CLANG_CXX_LIBRARY = "libc++";
				CLANG_ENABLE_MODULES = YES;
				CLANG_ENABLE_OBJC_ARC = YES;
				CLANG_WARN_BOOL_CONVERSION = YES;
				CLANG_WARN_CONSTANT_CONVERSION = YES;
				CLANG_WARN_DIRECT_OBJC_ISA_USAGE = YES_ERROR;
				CLANG_WARN_EMPTY_BODY = YES;
				CLANG_WARN_ENUM_CONVERSION = YES;
				CLANG_WARN_INT_CONVERSION = YES;
				CLANG_WARN_OBJC_ROOT_CLASS = YES_ERROR;
				CLANG_WARN__DUPLICATE_METHOD_MATCH = YES;
				"CODE_SIGN_IDENTITY[sdk=iphoneos*]" = "iPhone Developer";
				COPY_PHASE_STRIP = YES;
				ENABLE_NS_ASSERTIONS = NO;
				GCC_C_LANGUAGE_STANDARD = gnu99;
				GCC_WARN_64_TO_32_BIT_CONVERSION = YES;
				GCC_WARN_ABOUT_RETURN_TYPE = YES_ERROR;
				GCC_WARN_UNDECLARED_SELECTOR = YES;
				GCC_WARN_UNINITIALIZED_AUTOS = YES_AGGRESSIVE;
				GCC_WARN_UNUSED_FUNCTION = YES;
				GCC_WARN_UNUSED_VARIABLE = YES;
				IPHONEOS_DEPLOYMENT_TARGET = 7.1;
				SDKROOT = iphoneos;
				VALIDATE_PRODUCT = YES;
			};
			name = Release;
		};
		1B94EB7019C3849A00BA8489 /* Debug */ = {
			isa = XCBuildConfiguration;
			buildSettings = {
				ASSETCATALOG_COMPILER_APPICON_NAME = AppIcon;
				ASSETCATALOG_COMPILER_LAUNCHIMAGE_NAME = LaunchImage;
				GCC_PRECOMPILE_PREFIX_HEADER = YES;
				GCC_PREFIX_HEADER = "DeltaMap/DeltaMap-Prefix.pch";
				INFOPLIST_FILE = "DeltaMap/DeltaMap-Info.plist";
				PRODUCT_NAME = "$(TARGET_NAME)";
				WRAPPER_EXTENSION = app;
			};
			name = Debug;
		};
		1B94EB7119C3849A00BA8489 /* Release */ = {
			isa = XCBuildConfiguration;
			buildSettings = {
				ASSETCATALOG_COMPILER_APPICON_NAME = AppIcon;
				ASSETCATALOG_COMPILER_LAUNCHIMAGE_NAME = LaunchImage;
				GCC_PRECOMPILE_PREFIX_HEADER = YES;
				GCC_PREFIX_HEADER = "DeltaMap/DeltaMap-Prefix.pch";
				INFOPLIST_FILE = "DeltaMap/DeltaMap-Info.plist";
				PRODUCT_NAME = "$(TARGET_NAME)";
				WRAPPER_EXTENSION = app;
			};
			name = Release;
		};
		1B94EB7319C3849A00BA8489 /* Debug */ = {
			isa = XCBuildConfiguration;
			buildSettings = {
				BUNDLE_LOADER = "$(BUILT_PRODUCTS_DIR)/DeltaMap.app/DeltaMap";
				FRAMEWORK_SEARCH_PATHS = (
					"$(SDKROOT)/Developer/Library/Frameworks",
					"$(inherited)",
					"$(DEVELOPER_FRAMEWORKS_DIR)",
				);
				GCC_PRECOMPILE_PREFIX_HEADER = YES;
				GCC_PREFIX_HEADER = "DeltaMap/DeltaMap-Prefix.pch";
				GCC_PREPROCESSOR_DEFINITIONS = (
					"DEBUG=1",
					"$(inherited)",
				);
				INFOPLIST_FILE = "DeltaMapTests/DeltaMapTests-Info.plist";
				PRODUCT_NAME = "$(TARGET_NAME)";
				TEST_HOST = "$(BUNDLE_LOADER)";
				WRAPPER_EXTENSION = xctest;
			};
			name = Debug;
		};
		1B94EB7419C3849A00BA8489 /* Release */ = {
			isa = XCBuildConfiguration;
			buildSettings = {
				BUNDLE_LOADER = "$(BUILT_PRODUCTS_DIR)/DeltaMap.app/DeltaMap";
				FRAMEWORK_SEARCH_PATHS = (
					"$(SDKROOT)/Developer/Library/Frameworks",
					"$(inherited)",
					"$(DEVELOPER_FRAMEWORKS_DIR)",
				);
				GCC_PRECOMPILE_PREFIX_HEADER = YES;
				GCC_PREFIX_HEADER = "DeltaMap/DeltaMap-Prefix.pch";
				INFOPLIST_FILE = "DeltaMapTests/DeltaMapTests-Info.plist";
				PRODUCT_NAME = "$(TARGET_NAME)";
				TEST_HOST = "$(BUNDLE_LOADER)";
				WRAPPER_EXTENSION = xctest;
			};
			name = Release;
		};
/* End XCBuildConfiguration section */

/* Begin XCConfigurationList section */
		1B94EB3819C3849900BA8489 /* Build configuration list for PBXProject "DeltaMap" */ = {
			isa = XCConfigurationList;
			buildConfigurations = (
				1B94EB6D19C3849A00BA8489 /* Debug */,
				1B94EB6E19C3849A00BA8489 /* Release */,
			);
			defaultConfigurationIsVisible = 0;
			defaultConfigurationName = Release;
		};
		1B94EB6F19C3849A00BA8489 /* Build configuration list for PBXNativeTarget "DeltaMap" */ = {
			isa = XCConfigurationList;
			buildConfigurations = (
				1B94EB7019C3849A00BA8489 /* Debug */,
				1B94EB7119C3849A00BA8489 /* Release */,
			);
			defaultConfigurationIsVisible = 0;
			defaultConfigurationName = Release;
		};
		1B94EB7219C3849A00BA8489 /* Build configuration list for PBXNativeTarget "DeltaMapTests" */ = {
			isa = XCConfigurationList;
			buildConfigurations = (
				1B94EB7319C3849A00BA8489 /* Debug */,
				1B94EB7419C3849A00BA8489 /* Release */,
			);
			defaultConfigurationIsVisible = 0;
			defaultConfigurationName = Release;
		};
/* End XCConfigurationList section */
	};
	rootObject = 1B94EB3519C3849900BA8489 /* Project object */;
}
